
Microsoft Visual Studio Solution File, Format Version 12.00
# Visual Studio Version 17
VisualStudioVersion = 17.5.002.0
MinimumVisualStudioVersion = 10.0.40219.1
Project("{9A19103F-16F7-4668-BE54-9A1E7A4F7556}") = "server", "server\server.csproj", "{37521CEF-1E43-469A-804C-54666AB3EDB8}"
EndProject
Project("{9A19103F-16F7-4668-BE54-9A1E7A4F7556}") = "client", "client\client.csproj", "{E838D788-E9CB-4122-95EA-217832CF68E2}"
EndProject
Global
	GlobalSection(SolutionConfigurationPlatforms) = preSolution
		Debug|Any CPU = Debug|Any CPU
		Release|Any CPU = Release|Any CPU
	EndGlobalSection
	GlobalSection(ProjectConfigurationPlatforms) = postSolution
		{37521CEF-1E43-469A-804C-54666AB3EDB8}.Debug|Any CPU.ActiveCfg = Debug|Any CPU
		{37521CEF-1E43-469A-804C-54666AB3EDB8}.Debug|Any CPU.Build.0 = Debug|Any CPU
		{37521CEF-1E43-469A-804C-54666AB3EDB8}.Release|Any CPU.ActiveCfg = Release|Any CPU
		{37521CEF-1E43-469A-804C-54666AB3EDB8}.Release|Any CPU.Build.0 = Release|Any CPU
		{E838D788-E9CB-4122-95EA-217832CF68E2}.Debug|Any CPU.ActiveCfg = Debug|Any CPU
		{E838D788-E9CB-4122-95EA-217832CF68E2}.Debug|Any CPU.Build.0 = Debug|Any CPU
		{E838D788-E9CB-4122-95EA-217832CF68E2}.Release|Any CPU.ActiveCfg = Release|Any CPU
		{E838D788-E9CB-4122-95EA-217832CF68E2}.Release|Any CPU.Build.0 = Release|Any CPU
	EndGlobalSection
	GlobalSection(SolutionProperties) = preSolution
		HideSolutionNode = FALSE
	EndGlobalSection
	GlobalSection(ExtensibilityGlobals) = postSolution
		SolutionGuid = {646750E7-7094-4AC9-94C9-A20DD08AA939}
	EndGlobalSection
EndGlobal
